
Microsoft Visual Studio Solution File, Format Version 12.00
# Visual Studio Version 16
VisualStudioVersion = 16.0.32002.261
MinimumVisualStudioVersion = 10.0.40219.1
Project("{FAE04EC0-301F-11D3-BF4B-00C04F79EFBC}") = "BlazorSwitchRuntime.Server", "BlazorSwitchRuntime\Server\BlazorSwitchRuntime.Server.csproj", "{6DC4962A-EA41-448C-9599-A25C87DFE941}"
EndProject
Project("{FAE04EC0-301F-11D3-BF4B-00C04F79EFBC}") = "BlazorSwitchRuntime.Client", "BlazorSwitchRuntime\Client\BlazorSwitchRuntime.Client.csproj", "{351C03FF-99FD-4952-8F63-47EC69ECAA97}"
EndProject
Project("{FAE04EC0-301F-11D3-BF4B-00C04F79EFBC}") = "BlazorSwitchRuntime.Shared", "BlazorSwitchRuntime\Shared\BlazorSwitchRuntime.Shared.csproj", "{C6EE7F4A-04EA-482F-B104-95B7DB9A95DC}"
EndProject
Global
	GlobalSection(SolutionConfigurationPlatforms) = preSolution
		Debug|Any CPU = Debug|Any CPU
		Release|Any CPU = Release|Any CPU
	EndGlobalSection
	GlobalSection(ProjectConfigurationPlatforms) = postSolution
		{6DC4962A-EA41-448C-9599-A25C87DFE941}.Debug|Any CPU.ActiveCfg = Debug|Any CPU
		{6DC4962A-EA41-448C-9599-A25C87DFE941}.Debug|Any CPU.Build.0 = Debug|Any CPU
		{6DC4962A-EA41-448C-9599-A25C87DFE941}.Release|Any CPU.ActiveCfg = Release|Any CPU
		{6DC4962A-EA41-448C-9599-A25C87DFE941}.Release|Any CPU.Build.0 = Release|Any CPU
		{351C03FF-99FD-4952-8F63-47EC69ECAA97}.Debug|Any CPU.ActiveCfg = Debug|Any CPU
		{351C03FF-99FD-4952-8F63-47EC69ECAA97}.Debug|Any CPU.Build.0 = Debug|Any CPU
		{351C03FF-99FD-4952-8F63-47EC69ECAA97}.Release|Any CPU.ActiveCfg = Release|Any CPU
		{351C03FF-99FD-4952-8F63-47EC69ECAA97}.Release|Any CPU.Build.0 = Release|Any CPU
		{C6EE7F4A-04EA-482F-B104-95B7DB9A95DC}.Debug|Any CPU.ActiveCfg = Debug|Any CPU
		{C6EE7F4A-04EA-482F-B104-95B7DB9A95DC}.Debug|Any CPU.Build.0 = Debug|Any CPU
		{C6EE7F4A-04EA-482F-B104-95B7DB9A95DC}.Release|Any CPU.ActiveCfg = Release|Any CPU
		{C6EE7F4A-04EA-482F-B104-95B7DB9A95DC}.Release|Any CPU.Build.0 = Release|Any CPU
	EndGlobalSection
	GlobalSection(SolutionProperties) = preSolution
		HideSolutionNode = FALSE
	EndGlobalSection
	GlobalSection(ExtensibilityGlobals) = postSolution
		SolutionGuid = {427BDAE0-57B6-45D5-AEC7-7EB11B660CD5}
	EndGlobalSection
EndGlobal
